
Microsoft Visual Studio Solution File, Format Version 12.00
# Visual Studio Version 17
VisualStudioVersion = 17.4.33213.308
MinimumVisualStudioVersion = 10.0.40219.1
Project("{FAE04EC0-301F-11D3-BF4B-00C04F79EFBC}") = "LogicalPrograms", "LogicalPrograms\LogicalPrograms.csproj", "{6C891F41-27EA-45A3-B640-8D313B8F29AE}"
EndProject
Global
	GlobalSection(SolutionConfigurationPlatforms) = preSolution
		Debug|Any CPU = Debug|Any CPU
		Release|Any CPU = Release|Any CPU
	EndGlobalSection
	GlobalSection(ProjectConfigurationPlatforms) = postSolution
		{6C891F41-27EA-45A3-B640-8D313B8F29AE}.Debug|Any CPU.ActiveCfg = Debug|Any CPU
		{6C891F41-27EA-45A3-B640-8D313B8F29AE}.Debug|Any CPU.Build.0 = Debug|Any CPU
		{6C891F41-27EA-45A3-B640-8D313B8F29AE}.Release|Any CPU.ActiveCfg = Release|Any CPU
		{6C891F41-27EA-45A3-B640-8D313B8F29AE}.Release|Any CPU.Build.0 = Release|Any CPU
	EndGlobalSection
	GlobalSection(SolutionProperties) = preSolution
		HideSolutionNode = FALSE
	EndGlobalSection
	GlobalSection(ExtensibilityGlobals) = postSolution
		SolutionGuid = {FB3255A2-5BC7-48D9-B08B-2586547A1E5B}
	EndGlobalSection
EndGlobal
